PODS:
  - Bolts (1.8.4):
    - Bolts/AppLinks (= 1.8.4)
    - Bolts/Tasks (= 1.8.4)
  - Bolts/AppLinks (1.8.4):
    - Bolts/Tasks
  - Bolts/Tasks (1.8.4)
  - Fabric (1.6.11)
  - FacebookCore (0.2.0):
    - Bolts (~> 1.8)
    - FBSDKCoreKit (~> 4.15)
  - FacebookLogin (0.2.0):
    - Bolts (~> 1.8)
    - FacebookCore (~> 0.2)
    - FBSDKCoreKit (~> 4.15)
    - FBSDKLoginKit (~> 4.15)
  - FBSDKCoreKit (4.24.0):
    - Bolts (~> 1.7)
  - FBSDKLoginKit (4.24.0):
    - FBSDKCoreKit
  - Firebase/Auth (4.0.3):
    - Firebase/Core
    - FirebaseAuth (= 4.0.0)
  - Firebase/Core (4.0.3):
    - FirebaseAnalytics (= 4.0.2)
    - FirebaseCore (= 4.0.3)
  - Firebase/Database (4.0.3):
    - Firebase/Core
    - FirebaseDatabase (= 4.0.0)
  - Firebase/DynamicLinks (4.0.3):
    - Firebase/Core
    - FirebaseDynamicLinks (= 2.0.0)
  - Firebase/Messaging (4.0.3):
    - Firebase/Core
    - FirebaseMessaging (= 2.0.0)
  - Firebase/Performance (4.0.3):
    - Firebase/Core
    - FirebasePerformance (= 1.0.3)
  - Firebase/Storage (4.0.3):
    - Firebase/Core
    - FirebaseStorage (= 2.0.0)
  - FirebaseAnalytics (4.0.2):
    - FirebaseCore (~> 4.0)
    - FirebaseInstanceID (~> 2.0)
    - GoogleToolboxForMac/NSData+zlib (~> 2.1)
  - FirebaseAuth (4.0.0):
    - FirebaseAnalytics (~> 4.0)
    - GoogleToolboxForMac/NSDictionary+URLArguments (~> 2.1)
    - GTMSessionFetcher/Core (~> 1.1)
  - FirebaseCore (4.0.3):
    - GoogleToolboxForMac/NSData+zlib (~> 2.1)
  - FirebaseDatabase (4.0.0):
    - FirebaseAnalytics (~> 4.0)
  - FirebaseDynamicLinks (2.0.0):
    - FirebaseAnalytics (~> 4.0)
  - FirebaseInstanceID (2.0.0):
    - FirebaseCore (~> 4.0)
  - FirebaseMessaging (2.0.0):
    - FirebaseAnalytics (~> 4.0)
    - FirebaseCore (~> 4.0)
    - FirebaseInstanceID (~> 2.0)
    - GoogleToolboxForMac/Logger (~> 2.1)
    - Protobuf (~> 3.1)
  - FirebasePerformance (1.0.3):
    - FirebaseAnalytics (~> 4.0)
    - FirebaseInstanceID (~> 2.0)
    - GoogleToolboxForMac/Logger (~> 2.1)
    - GoogleToolboxForMac/NSData+zlib (~> 2.1)
    - GTMSessionFetcher/Core (~> 1.1)
    - Protobuf (~> 3.1)
  - FirebaseStorage (2.0.0):
    - FirebaseAnalytics (~> 4.0)
    - FirebaseCore (~> 4.0)
    - GTMSessionFetcher/Core (~> 1.1)
  - GeoFire (2.0.0):
    - Firebase/Database (~> 4.0)
  - GoogleToolboxForMac/DebugUtils (2.1.1):
    - GoogleToolboxForMac/Defines (= 2.1.1)
  - GoogleToolboxForMac/Defines (2.1.1)
  - GoogleToolboxForMac/Logger (2.1.1):
    - GoogleToolboxForMac/Defines (= 2.1.1)
  - GoogleToolboxForMac/NSData+zlib (2.1.1):
    - GoogleToolboxForMac/Defines (= 2.1.1)
  - GoogleToolboxForMac/NSDictionary+URLArguments (2.1.1):
    - GoogleToolboxForMac/DebugUtils (= 2.1.1)
    - GoogleToolboxForMac/Defines (= 2.1.1)
    - GoogleToolboxForMac/NSString+URLArguments (= 2.1.1)
  - GoogleToolboxForMac/NSString+URLArguments (2.1.1)
  - GTMSessionFetcher/Core (1.1.10)
  - Protobuf (3.3.0)
  - TwitterCore (2.8.0):
    - Fabric
  - TwitterKit (2.8.1):
    - TwitterCore (>= 2.8)

DEPENDENCIES:
  - Bolts
  - Fabric
  - FacebookCore
  - FacebookLogin
  - Firebase/Auth
  - Firebase/Core
  - Firebase/Database
  - Firebase/DynamicLinks
  - Firebase/Messaging
  - Firebase/Performance
  - Firebase/Storage
  - GeoFire (from `https://github.com/firebase/geofire-objc.git`)
  - TwitterCore
  - TwitterKit

EXTERNAL SOURCES:
  GeoFire:
    :git: https://github.com/firebase/geofire-objc.git

CHECKOUT OPTIONS:
  GeoFire:
    :commit: 96d6463f59016785f9c5ae9b669019c44786a23f
    :git: https://github.com/firebase/geofire-objc.git

SPEC CHECKSUMS:
  Bolts: 8a7995239dbe724f9cba2248b766d48b7ebdd322
  Fabric: 5911403591946b8228ab1c51d98f1d7137e863c6
  FacebookCore: 2cb3f0fbff218e9d3119cec84bae983b232412de
  FacebookLogin: c9d606504735780a9e3002465a615512e0a691a5
  FBSDKCoreKit: f8c9eb0dd34a9cd277c7b60da4b32226d142502d
  FBSDKLoginKit: 1214c6d5a1c4995b694d8db8a9ba6910c6028acf
  Firebase: 9e33fdfbca37cab635c693883caa90a4475b842b
  FirebaseAnalytics: ad41720e3e67fc63fbe3d2948d3e26932a8de311
  FirebaseAuth: ebb6abcbabae00fc47446d690c19ce68d8484fde
  FirebaseCore: c709067051de07bdaffdc4e735cd7299a23c463a
  FirebaseDatabase: d829b3a8c3e2ac7a16773c5df226966b0805dfc2
  FirebaseDynamicLinks: ad3bef2e8addfa1490af9db02201429c5c9447dd
  FirebaseInstanceID: 9fbf536668f4d3f0880e7438456dabd1376e294b
  FirebaseMessaging: 227406c05b0dc9290702d2e9f18ab5528f0c2cf2
  FirebasePerformance: 36bdb0500213b459ae991766801d5dc5399ff231
  FirebaseStorage: 8110a1ed2034c8fbfd83890d2acc9cdbbd99afec
  GeoFire: 02f02683e09367c2eee073c6b09c794da19833ee
  GoogleToolboxForMac: 8e329f1b599f2512c6b10676d45736bcc2cbbeb0
  GTMSessionFetcher: 30d874b96d0d76028f61fbd122801e3f030d47db
  Protobuf: d582fecf68201eac3d79ed61369ef45734394b9c
  TwitterCore: e959987be23c767004d29eb7fab8d85d8585a2e5
  TwitterKit: 3b6044a7320340326a4098f3e37aa1dbaeb94942

PODFILE CHECKSUM: 17acadcab9866ae34480346246ec5ee86e5b2700

COCOAPODS: 1.0.1
