// !$*UTF8*$!
{
	archiveVersion = 1;
	classes = {
	};
	objectVersion = 46;
	objects = {

/* Begin PBXBuildFile section */
		5C25B58D8611991E7B2DFBA2 /* Pods_Pulse.framework in Frameworks */ = {isa = PBXBuildFile; fileRef = F6E190E94E153F0B7B61227E /* Pods_Pulse.framework */; };
		BA1C48BC1D243704008F8A04 /* AppDelegate.swift in Sources */ = {isa = PBXBuildFile; fileRef = BA1C48BB1D243704008F8A04 /* AppDelegate.swift */; };
		BA1C48BE1D243704008F8A04 /* ViewController.swift in Sources */ = {isa = PBXBuildFile; fileRef = BA1C48BD1D243704008F8A04 /* ViewController.swift */; };
		BA1C48C11D243704008F8A04 /* Main.storyboard in Resources */ = {isa = PBXBuildFile; fileRef = BA1C48BF1D243704008F8A04 /* Main.storyboard */; };
		BA1C48C31D243704008F8A04 /* Assets.xcassets in Resources */ = {isa = PBXBuildFile; fileRef = BA1C48C21D243704008F8A04 /* Assets.xcassets */; };
		BA1C48C61D243704008F8A04 /* LaunchScreen.storyboard in Resources */ = {isa = PBXBuildFile; fileRef = BA1C48C41D243704008F8A04 /* LaunchScreen.storyboard */; };
		BA1DE1211D244330004F3ED2 /* QuestionPreviewVC.swift in Sources */ = {isa = PBXBuildFile; fileRef = BA1DE1201D244330004F3ED2 /* QuestionPreviewVC.swift */; };
		BA1DE1231D244393004F3ED2 /* Question.swift in Sources */ = {isa = PBXBuildFile; fileRef = BA1DE1221D244393004F3ED2 /* Question.swift */; };
		BA1DE1251D2443BF004F3ED2 /* Answer.swift in Sources */ = {isa = PBXBuildFile; fileRef = BA1DE1241D2443BF004F3ED2 /* Answer.swift */; };
		BA1DE1271D2443FD004F3ED2 /* Tag.swift in Sources */ = {isa = PBXBuildFile; fileRef = BA1DE1261D2443FD004F3ED2 /* Tag.swift */; };
		BA1DE1291D244440004F3ED2 /* Icon.swift in Sources */ = {isa = PBXBuildFile; fileRef = BA1DE1281D244440004F3ED2 /* Icon.swift */; };
		BA1DE12C1D2444A4004F3ED2 /* User.swift in Sources */ = {isa = PBXBuildFile; fileRef = BA1DE12B1D2444A4004F3ED2 /* User.swift */; };
		BA1DE12E1D2444DE004F3ED2 /* globalRefs.swift in Sources */ = {isa = PBXBuildFile; fileRef = BA1DE12D1D2444DE004F3ED2 /* globalRefs.swift */; };
		BA1DE1301D24463B004F3ED2 /* TagDetailVC.swift in Sources */ = {isa = PBXBuildFile; fileRef = BA1DE12F1D24463B004F3ED2 /* TagDetailVC.swift */; };
		BA1DE1321D244942004F3ED2 /* processVideoHelper.swift in Sources */ = {isa = PBXBuildFile; fileRef = BA1DE1311D244942004F3ED2 /* processVideoHelper.swift */; };
		BA1DE1341D24497E004F3ED2 /* authHelper.swift in Sources */ = {isa = PBXBuildFile; fileRef = BA1DE1331D24497E004F3ED2 /* authHelper.swift */; };
		BA1DE1371D244A6A004F3ED2 /* CameraVC.swift in Sources */ = {isa = PBXBuildFile; fileRef = BA1DE1361D244A6A004F3ED2 /* CameraVC.swift */; };
		BA1DE1391D244A9D004F3ED2 /* CameraManager.swift in Sources */ = {isa = PBXBuildFile; fileRef = BA1DE1381D244A9D004F3ED2 /* CameraManager.swift */; };
		BA1DE13B1D244AE0004F3ED2 /* CameraOverlayView.swift in Sources */ = {isa = PBXBuildFile; fileRef = BA1DE13A1D244AE0004F3ED2 /* CameraOverlayView.swift */; };
		BA1DE13E1D244BEB004F3ED2 /* UserRecordedAnswerVC.swift in Sources */ = {isa = PBXBuildFile; fileRef = BA1DE13D1D244BEB004F3ED2 /* UserRecordedAnswerVC.swift */; };
		BA1DE1401D244C51004F3ED2 /* ShowAnswerVC.swift in Sources */ = {isa = PBXBuildFile; fileRef = BA1DE13F1D244C51004F3ED2 /* ShowAnswerVC.swift */; };
		BA1DE1421D244C9F004F3ED2 /* globalExtensions.swift in Sources */ = {isa = PBXBuildFile; fileRef = BA1DE1411D244C9F004F3ED2 /* globalExtensions.swift */; };
		BA1DE1451D244D6B004F3ED2 /* LoginVC.swift in Sources */ = {isa = PBXBuildFile; fileRef = BA1DE1441D244D6B004F3ED2 /* LoginVC.swift */; };
		BA1DE1471D244DFA004F3ED2 /* QAManagerVC.swift in Sources */ = {isa = PBXBuildFile; fileRef = BA1DE1461D244DFA004F3ED2 /* QAManagerVC.swift */; };
		BA48858C1D24390B007333E0 /* GoogleService-Info.plist in Resources */ = {isa = PBXBuildFile; fileRef = BA48858B1D24390B007333E0 /* GoogleService-Info.plist */; };
		BAACBF7C1D248C3A009F23D0 /* ExploreTagCell.swift in Sources */ = {isa = PBXBuildFile; fileRef = BAACBF7B1D248C3A009F23D0 /* ExploreTagCell.swift */; };
		BAACBF7E1D248C4C009F23D0 /* ExploreTagsVC.swift in Sources */ = {isa = PBXBuildFile; fileRef = BAACBF7D1D248C4C009F23D0 /* ExploreTagsVC.swift */; };
		BAD37D601D25ED9D00BACB04 /* ExploreQuestionCell.swift in Sources */ = {isa = PBXBuildFile; fileRef = BAD37D5F1D25ED9D00BACB04 /* ExploreQuestionCell.swift */; };
		BAD37D621D2640E800BACB04 /* Database.swift in Sources */ = {isa = PBXBuildFile; fileRef = BAD37D611D2640E800BACB04 /* Database.swift */; };
/* End PBXBuildFile section */

/* Begin PBXFileReference section */
		37C2C90EEEB2CE21BC7828B6 /* Pods-Pulse.debug.xcconfig */ = {isa = PBXFileReference; includeInIndex = 1; lastKnownFileType = text.xcconfig; name = "Pods-Pulse.debug.xcconfig"; path = "Pods/Target Support Files/Pods-Pulse/Pods-Pulse.debug.xcconfig"; sourceTree = "<group>"; };
		BA1C48B81D243704008F8A04 /* Pulse.app */ = {isa = PBXFileReference; explicitFileType = wrapper.application; includeInIndex = 0; path = Pulse.app; sourceTree = BUILT_PRODUCTS_DIR; };
		BA1C48BB1D243704008F8A04 /* AppDelegate.swift */ = {isa = PBXFileReference; lastKnownFileType = sourcecode.swift; path = AppDelegate.swift; sourceTree = "<group>"; };
		BA1C48BD1D243704008F8A04 /* ViewController.swift */ = {isa = PBXFileReference; lastKnownFileType = sourcecode.swift; path = ViewController.swift; sourceTree = "<group>"; };
		BA1C48C01D243704008F8A04 /* Base */ = {isa = PBXFileReference; lastKnownFileType = file.storyboard; name = Base; path = Base.lproj/Main.storyboard; sourceTree = "<group>"; };
		BA1C48C21D243704008F8A04 /* Assets.xcassets */ = {isa = PBXFileReference; lastKnownFileType = folder.assetcatalog; path = Assets.xcassets; sourceTree = "<group>"; };
		BA1C48C51D243704008F8A04 /* Base */ = {isa = PBXFileReference; lastKnownFileType = file.storyboard; name = Base; path = Base.lproj/LaunchScreen.storyboard; sourceTree = "<group>"; };
		BA1C48C71D243704008F8A04 /* Info.plist */ = {isa = PBXFileReference; lastKnownFileType = text.plist.xml; path = Info.plist; sourceTree = "<group>"; };
		BA1DE1201D244330004F3ED2 /* QuestionPreviewVC.swift */ = {isa = PBXFileReference; fileEncoding = 4; lastKnownFileType = sourcecode.swift; path = QuestionPreviewVC.swift; sourceTree = "<group>"; };
		BA1DE1221D244393004F3ED2 /* Question.swift */ = {isa = PBXFileReference; fileEncoding = 4; lastKnownFileType = sourcecode.swift; path = Question.swift; sourceTree = "<group>"; };
		BA1DE1241D2443BF004F3ED2 /* Answer.swift */ = {isa = PBXFileReference; fileEncoding = 4; lastKnownFileType = sourcecode.swift; path = Answer.swift; sourceTree = "<group>"; };
		BA1DE1261D2443FD004F3ED2 /* Tag.swift */ = {isa = PBXFileReference; fileEncoding = 4; lastKnownFileType = sourcecode.swift; path = Tag.swift; sourceTree = "<group>"; };
		BA1DE1281D244440004F3ED2 /* Icon.swift */ = {isa = PBXFileReference; fileEncoding = 4; lastKnownFileType = sourcecode.swift; path = Icon.swift; sourceTree = "<group>"; };
		BA1DE12B1D2444A4004F3ED2 /* User.swift */ = {isa = PBXFileReference; fileEncoding = 4; lastKnownFileType = sourcecode.swift; path = User.swift; sourceTree = "<group>"; };
		BA1DE12D1D2444DE004F3ED2 /* globalRefs.swift */ = {isa = PBXFileReference; fileEncoding = 4; lastKnownFileType = sourcecode.swift; path = globalRefs.swift; sourceTree = "<group>"; };
		BA1DE12F1D24463B004F3ED2 /* TagDetailVC.swift */ = {isa = PBXFileReference; fileEncoding = 4; lastKnownFileType = sourcecode.swift; path = TagDetailVC.swift; sourceTree = "<group>"; };
		BA1DE1311D244942004F3ED2 /* processVideoHelper.swift */ = {isa = PBXFileReference; fileEncoding = 4; lastKnownFileType = sourcecode.swift; path = processVideoHelper.swift; sourceTree = "<group>"; };
		BA1DE1331D24497E004F3ED2 /* authHelper.swift */ = {isa = PBXFileReference; fileEncoding = 4; lastKnownFileType = sourcecode.swift; path = authHelper.swift; sourceTree = "<group>"; };
		BA1DE1361D244A6A004F3ED2 /* CameraVC.swift */ = {isa = PBXFileReference; fileEncoding = 4; lastKnownFileType = sourcecode.swift; path = CameraVC.swift; sourceTree = "<group>"; };
		BA1DE1381D244A9D004F3ED2 /* CameraManager.swift */ = {isa = PBXFileReference; fileEncoding = 4; lastKnownFileType = sourcecode.swift; path = CameraManager.swift; sourceTree = "<group>"; };
		BA1DE13A1D244AE0004F3ED2 /* CameraOverlayView.swift */ = {isa = PBXFileReference; fileEncoding = 4; lastKnownFileType = sourcecode.swift; path = CameraOverlayView.swift; sourceTree = "<group>"; };
		BA1DE13D1D244BEB004F3ED2 /* UserRecordedAnswerVC.swift */ = {isa = PBXFileReference; fileEncoding = 4; lastKnownFileType = sourcecode.swift; path = UserRecordedAnswerVC.swift; sourceTree = "<group>"; };
		BA1DE13F1D244C51004F3ED2 /* ShowAnswerVC.swift */ = {isa = PBXFileReference; fileEncoding = 4; lastKnownFileType = sourcecode.swift; path = ShowAnswerVC.swift; sourceTree = "<group>"; };
		BA1DE1411D244C9F004F3ED2 /* globalExtensions.swift */ = {isa = PBXFileReference; fileEncoding = 4; lastKnownFileType = sourcecode.swift; path = globalExtensions.swift; sourceTree = "<group>"; };
		BA1DE1441D244D6B004F3ED2 /* LoginVC.swift */ = {isa = PBXFileReference; fileEncoding = 4; lastKnownFileType = sourcecode.swift; path = LoginVC.swift; sourceTree = "<group>"; };
		BA1DE1461D244DFA004F3ED2 /* QAManagerVC.swift */ = {isa = PBXFileReference; fileEncoding = 4; lastKnownFileType = sourcecode.swift; path = QAManagerVC.swift; sourceTree = "<group>"; };
		BA48858B1D24390B007333E0 /* GoogleService-Info.plist */ = {isa = PBXFileReference; fileEncoding = 4; lastKnownFileType = text.plist.xml; path = "GoogleService-Info.plist"; sourceTree = "<group>"; };
		BAACBF7B1D248C3A009F23D0 /* ExploreTagCell.swift */ = {isa = PBXFileReference; fileEncoding = 4; lastKnownFileType = sourcecode.swift; path = ExploreTagCell.swift; sourceTree = "<group>"; };
		BAACBF7D1D248C4C009F23D0 /* ExploreTagsVC.swift */ = {isa = PBXFileReference; fileEncoding = 4; lastKnownFileType = sourcecode.swift; path = ExploreTagsVC.swift; sourceTree = "<group>"; };
		BAD37D5F1D25ED9D00BACB04 /* ExploreQuestionCell.swift */ = {isa = PBXFileReference; fileEncoding = 4; lastKnownFileType = sourcecode.swift; path = ExploreQuestionCell.swift; sourceTree = "<group>"; };
		BAD37D611D2640E800BACB04 /* Database.swift */ = {isa = PBXFileReference; fileEncoding = 4; lastKnownFileType = sourcecode.swift; path = Database.swift; sourceTree = "<group>"; };
		C4B93ACED20027ACF593EDFD /* Pods-Pulse.release.xcconfig */ = {isa = PBXFileReference; includeInIndex = 1; lastKnownFileType = text.xcconfig; name = "Pods-Pulse.release.xcconfig"; path = "Pods/Target Support Files/Pods-Pulse/Pods-Pulse.release.xcconfig"; sourceTree = "<group>"; };
		F6E190E94E153F0B7B61227E /* Pods_Pulse.framework */ = {isa = PBXFileReference; explicitFileType = wrapper.framework; includeInIndex = 0; path = Pods_Pulse.framework; sourceTree = BUILT_PRODUCTS_DIR; };
/* End PBXFileReference section */

/* Begin PBXFrameworksBuildPhase section */
		BA1C48B51D243704008F8A04 /* Frameworks */ = {
			isa = PBXFrameworksBuildPhase;
			buildActionMask = 2147483647;
			files = (
				5C25B58D8611991E7B2DFBA2 /* Pods_Pulse.framework in Frameworks */,
			);
			runOnlyForDeploymentPostprocessing = 0;
		};
/* End PBXFrameworksBuildPhase section */

/* Begin PBXGroup section */
		6B3FA50146FD2C29BE9E2E84 /* Frameworks */ = {
			isa = PBXGroup;
			children = (
				F6E190E94E153F0B7B61227E /* Pods_Pulse.framework */,
			);
			name = Frameworks;
			sourceTree = "<group>";
		};
		70918615D9F952FD1AF23118 /* Pods */ = {
			isa = PBXGroup;
			children = (
				37C2C90EEEB2CE21BC7828B6 /* Pods-Pulse.debug.xcconfig */,
				C4B93ACED20027ACF593EDFD /* Pods-Pulse.release.xcconfig */,
			);
			name = Pods;
			sourceTree = "<group>";
		};
		BA1C48AF1D243703008F8A04 = {
			isa = PBXGroup;
			children = (
				BA1C48BA1D243704008F8A04 /* Pulse */,
				BA1C48B91D243704008F8A04 /* Products */,
				70918615D9F952FD1AF23118 /* Pods */,
				6B3FA50146FD2C29BE9E2E84 /* Frameworks */,
			);
			sourceTree = "<group>";
		};
		BA1C48B91D243704008F8A04 /* Products */ = {
			isa = PBXGroup;
			children = (
				BA1C48B81D243704008F8A04 /* Pulse.app */,
			);
			name = Products;
			sourceTree = "<group>";
		};
		BA1C48BA1D243704008F8A04 /* Pulse */ = {
			isa = PBXGroup;
			children = (
				BA48858B1D24390B007333E0 /* GoogleService-Info.plist */,
				BA1C48BB1D243704008F8A04 /* AppDelegate.swift */,
				BA1C48BD1D243704008F8A04 /* ViewController.swift */,
				BA1C48BF1D243704008F8A04 /* Main.storyboard */,
				BA1C48C21D243704008F8A04 /* Assets.xcassets */,
				BA1C48C41D243704008F8A04 /* LaunchScreen.storyboard */,
				BA1C48C71D243704008F8A04 /* Info.plist */,
				BA1DE1201D244330004F3ED2 /* QuestionPreviewVC.swift */,
				BA1DE12F1D24463B004F3ED2 /* TagDetailVC.swift */,
				BA1DE12A1D244486004F3ED2 /* Models */,
				BA1DE1431D244CBD004F3ED2 /* Global Refs */,
				BA1DE1351D244A20004F3ED2 /* Helpers */,
				BA1DE13C1D244AFD004F3ED2 /* Camera */,
				BA1DE1461D244DFA004F3ED2 /* QAManagerVC.swift */,
				BA1DE13D1D244BEB004F3ED2 /* UserRecordedAnswerVC.swift */,
				BA1DE13F1D244C51004F3ED2 /* ShowAnswerVC.swift */,
				BA1DE1441D244D6B004F3ED2 /* LoginVC.swift */,
				BAACBF7D1D248C4C009F23D0 /* ExploreTagsVC.swift */,
				BAACBF7B1D248C3A009F23D0 /* ExploreTagCell.swift */,
				BAD37D5F1D25ED9D00BACB04 /* ExploreQuestionCell.swift */,
				BAD37D611D2640E800BACB04 /* Database.swift */,
			);
			path = Pulse;
			sourceTree = "<group>";
		};
		BA1DE12A1D244486004F3ED2 /* Models */ = {
			isa = PBXGroup;
			children = (
				BA1DE1241D2443BF004F3ED2 /* Answer.swift */,
				BA1DE1261D2443FD004F3ED2 /* Tag.swift */,
				BA1DE12B1D2444A4004F3ED2 /* User.swift */,
				BA1DE1221D244393004F3ED2 /* Question.swift */,
			);
			name = Models;
			sourceTree = "<group>";
		};
		BA1DE1351D244A20004F3ED2 /* Helpers */ = {
			isa = PBXGroup;
			children = (
				BA1DE1311D244942004F3ED2 /* processVideoHelper.swift */,
				BA1DE1331D24497E004F3ED2 /* authHelper.swift */,
			);
			name = Helpers;
			sourceTree = "<group>";
		};
		BA1DE13C1D244AFD004F3ED2 /* Camera */ = {
			isa = PBXGroup;
			children = (
				BA1DE1361D244A6A004F3ED2 /* CameraVC.swift */,
				BA1DE1381D244A9D004F3ED2 /* CameraManager.swift */,
				BA1DE13A1D244AE0004F3ED2 /* CameraOverlayView.swift */,
			);
			name = Camera;
			sourceTree = "<group>";
		};
		BA1DE1431D244CBD004F3ED2 /* Global Refs */ = {
			isa = PBXGroup;
			children = (
				BA1DE1281D244440004F3ED2 /* Icon.swift */,
				BA1DE1411D244C9F004F3ED2 /* globalExtensions.swift */,
				BA1DE12D1D2444DE004F3ED2 /* globalRefs.swift */,
			);
			name = "Global Refs";
			sourceTree = "<group>";
		};
/* End PBXGroup section */

/* Begin PBXNativeTarget section */
		BA1C48B71D243704008F8A04 /* Pulse */ = {
			isa = PBXNativeTarget;
			buildConfigurationList = BA1C48CA1D243704008F8A04 /* Build configuration list for PBXNativeTarget "Pulse" */;
			buildPhases = (
				66E3C873FE132FA9A81B0E50 /* 📦 Check Pods Manifest.lock */,
				BA1C48B41D243704008F8A04 /* Sources */,
				BA1C48B51D243704008F8A04 /* Frameworks */,
				BA1C48B61D243704008F8A04 /* Resources */,
				BF43D1373F3D02AD3B4E69A6 /* 📦 Embed Pods Frameworks */,
				6ECC96FFC640D870D37205B1 /* 📦 Copy Pods Resources */,
				BA48858D1D243C40007333E0 /* ShellScript */,
			);
			buildRules = (
			);
			dependencies = (
			);
			name = Pulse;
			productName = Pulse;
			productReference = BA1C48B81D243704008F8A04 /* Pulse.app */;
			productType = "com.apple.product-type.application";
		};
/* End PBXNativeTarget section */

/* Begin PBXProject section */
		BA1C48B01D243703008F8A04 /* Project object */ = {
			isa = PBXProject;
			attributes = {
				LastSwiftUpdateCheck = 0730;
				LastUpgradeCheck = 0730;
				ORGANIZATIONNAME = "Think Apart";
				TargetAttributes = {
					BA1C48B71D243704008F8A04 = {
						CreatedOnToolsVersion = 7.3.1;
						DevelopmentTeam = 8R74C9D3GB;
					};
				};
			};
			buildConfigurationList = BA1C48B31D243703008F8A04 /* Build configuration list for PBXProject "Pulse" */;
			compatibilityVersion = "Xcode 3.2";
			developmentRegion = English;
			hasScannedForEncodings = 0;
			knownRegions = (
				en,
				Base,
			);
			mainGroup = BA1C48AF1D243703008F8A04;
			productRefGroup = BA1C48B91D243704008F8A04 /* Products */;
			projectDirPath = "";
			projectRoot = "";
			targets = (
				BA1C48B71D243704008F8A04 /* Pulse */,
			);
		};
/* End PBXProject section */

/* Begin PBXResourcesBuildPhase section */
		BA1C48B61D243704008F8A04 /* Resources */ = {
			isa = PBXResourcesBuildPhase;
			buildActionMask = 2147483647;
			files = (
				BA1C48C61D243704008F8A04 /* LaunchScreen.storyboard in Resources */,
				BA48858C1D24390B007333E0 /* GoogleService-Info.plist in Resources */,
				BA1C48C31D243704008F8A04 /* Assets.xcassets in Resources */,
				BA1C48C11D243704008F8A04 /* Main.storyboard in Resources */,
			);
			runOnlyForDeploymentPostprocessing = 0;
		};
/* End PBXResourcesBuildPhase section */

/* Begin PBXShellScriptBuildPhase section */
		66E3C873FE132FA9A81B0E50 /* 📦 Check Pods Manifest.lock */ = {
			isa = PBXShellScriptBuildPhase;
			buildActionMask = 2147483647;
			files = (
			);
			inputPaths = (
			);
			name = "📦 Check Pods Manifest.lock";
			outputPaths = (
			);
			runOnlyForDeploymentPostprocessing = 0;
			shellPath = /bin/sh;
			shellScript = "diff \"${PODS_ROOT}/../Podfile.lock\" \"${PODS_ROOT}/Manifest.lock\" > /dev/null\nif [[ $? != 0 ]] ; then\n    cat << EOM\nerror: The sandbox is not in sync with the Podfile.lock. Run 'pod install' or update your CocoaPods installation.\nEOM\n    exit 1\nfi\n";
			showEnvVarsInLog = 0;
		};
		6ECC96FFC640D870D37205B1 /* 📦 Copy Pods Resources */ = {
			isa = PBXShellScriptBuildPhase;
			buildActionMask = 2147483647;
			files = (
			);
			inputPaths = (
			);
			name = "📦 Copy Pods Resources";
			outputPaths = (
			);
			runOnlyForDeploymentPostprocessing = 0;
			shellPath = /bin/sh;
			shellScript = "\"${SRCROOT}/Pods/Target Support Files/Pods-Pulse/Pods-Pulse-resources.sh\"\n";
			showEnvVarsInLog = 0;
		};
		BA48858D1D243C40007333E0 /* ShellScript */ = {
			isa = PBXShellScriptBuildPhase;
			buildActionMask = 2147483647;
			files = (
			);
			inputPaths = (
			);
			outputPaths = (
			);
			runOnlyForDeploymentPostprocessing = 0;
			shellPath = /bin/sh;
			shellScript = "\"${PODS_ROOT}/Fabric/run\" 3d7464358b23d220c3038e582cf742675a61aaf3 94e7d9b206d34778ad55d567ed8288ab1a149837ecd1ef94ca2a3e37447b27cb ";
		};
		BF43D1373F3D02AD3B4E69A6 /* 📦 Embed Pods Frameworks */ = {
			isa = PBXShellScriptBuildPhase;
			buildActionMask = 2147483647;
			files = (
			);
			inputPaths = (
			);
			name = "📦 Embed Pods Frameworks";
			outputPaths = (
			);
			runOnlyForDeploymentPostprocessing = 0;
			shellPath = /bin/sh;
			shellScript = "\"${SRCROOT}/Pods/Target Support Files/Pods-Pulse/Pods-Pulse-frameworks.sh\"\n";
			showEnvVarsInLog = 0;
		};
/* End PBXShellScriptBuildPhase section */

/* Begin PBXSourcesBuildPhase section */
		BA1C48B41D243704008F8A04 /* Sources */ = {
			isa = PBXSourcesBuildPhase;
			buildActionMask = 2147483647;
			files = (
				BA1DE1271D2443FD004F3ED2 /* Tag.swift in Sources */,
				BA1C48BE1D243704008F8A04 /* ViewController.swift in Sources */,
				BA1DE1301D24463B004F3ED2 /* TagDetailVC.swift in Sources */,
				BA1DE1451D244D6B004F3ED2 /* LoginVC.swift in Sources */,
				BA1DE1291D244440004F3ED2 /* Icon.swift in Sources */,
				BA1DE1231D244393004F3ED2 /* Question.swift in Sources */,
				BAD37D621D2640E800BACB04 /* Database.swift in Sources */,
				BA1DE13E1D244BEB004F3ED2 /* UserRecordedAnswerVC.swift in Sources */,
				BA1DE12C1D2444A4004F3ED2 /* User.swift in Sources */,
				BA1DE1251D2443BF004F3ED2 /* Answer.swift in Sources */,
				BAD37D601D25ED9D00BACB04 /* ExploreQuestionCell.swift in Sources */,
				BA1DE12E1D2444DE004F3ED2 /* globalRefs.swift in Sources */,
				BA1DE1391D244A9D004F3ED2 /* CameraManager.swift in Sources */,
				BAACBF7E1D248C4C009F23D0 /* ExploreTagsVC.swift in Sources */,
				BA1DE1421D244C9F004F3ED2 /* globalExtensions.swift in Sources */,
				BA1DE1321D244942004F3ED2 /* processVideoHelper.swift in Sources */,
				BAACBF7C1D248C3A009F23D0 /* ExploreTagCell.swift in Sources */,
				BA1DE1341D24497E004F3ED2 /* authHelper.swift in Sources */,
				BA1DE1471D244DFA004F3ED2 /* QAManagerVC.swift in Sources */,
				BA1DE1371D244A6A004F3ED2 /* CameraVC.swift in Sources */,
				BA1DE1211D244330004F3ED2 /* QuestionPreviewVC.swift in Sources */,
				BA1C48BC1D243704008F8A04 /* AppDelegate.swift in Sources */,
				BA1DE13B1D244AE0004F3ED2 /* CameraOverlayView.swift in Sources */,
				BA1DE1401D244C51004F3ED2 /* ShowAnswerVC.swift in Sources */,
			);
			runOnlyForDeploymentPostprocessing = 0;
		};
/* End PBXSourcesBuildPhase section */

/* Begin PBXVariantGroup section */
		BA1C48BF1D243704008F8A04 /* Main.storyboard */ = {
			isa = PBXVariantGroup;
			children = (
				BA1C48C01D243704008F8A04 /* Base */,
			);
			name = Main.storyboard;
			sourceTree = "<group>";
		};
		BA1C48C41D243704008F8A04 /* LaunchScreen.storyboard */ = {
			isa = PBXVariantGroup;
			children = (
				BA1C48C51D243704008F8A04 /* Base */,
			);
			name = LaunchScreen.storyboard;
			sourceTree = "<group>";
		};
/* End PBXVariantGroup section */

/* Begin XCBuildConfiguration section */
		BA1C48C81D243704008F8A04 /* Debug */ = {
			isa = XCBuildConfiguration;
			buildSettings = {
				ALWAYS_SEARCH_USER_PATHS = NO;
				CLANG_ANALYZER_NONNULL = YES;
				CLANG_CXX_LANGUAGE_STANDARD = "gnu++0x";
				CLANG_CXX_LIBRARY = "libc++";
				CLANG_ENABLE_MODULES = YES;
				CLANG_ENABLE_OBJC_ARC = YES;
				CLANG_WARN_BOOL_CONVERSION = YES;
				CLANG_WARN_CONSTANT_CONVERSION = YES;
				CLANG_WARN_DIRECT_OBJC_ISA_USAGE = YES_ERROR;
				CLANG_WARN_EMPTY_BODY = YES;
				CLANG_WARN_ENUM_CONVERSION = YES;
				CLANG_WARN_INT_CONVERSION = YES;
				CLANG_WARN_OBJC_ROOT_CLASS = YES_ERROR;
				CLANG_WARN_UNREACHABLE_CODE = YES;
				CLANG_WARN__DUPLICATE_METHOD_MATCH = YES;
				"CODE_SIGN_IDENTITY[sdk=iphoneos*]" = "iPhone Developer";
				COPY_PHASE_STRIP = NO;
				DEBUG_INFORMATION_FORMAT = dwarf;
				ENABLE_STRICT_OBJC_MSGSEND = YES;
				ENABLE_TESTABILITY = YES;
				GCC_C_LANGUAGE_STANDARD = gnu99;
				GCC_DYNAMIC_NO_PIC = NO;
				GCC_NO_COMMON_BLOCKS = YES;
				GCC_OPTIMIZATION_LEVEL = 0;
				GCC_PREPROCESSOR_DEFINITIONS = (
					"DEBUG=1",
					"$(inherited)",
				);
				GCC_WARN_64_TO_32_BIT_CONVERSION = YES;
				GCC_WARN_ABOUT_RETURN_TYPE = YES_ERROR;
				GCC_WARN_UNDECLARED_SELECTOR = YES;
				GCC_WARN_UNINITIALIZED_AUTOS = YES_AGGRESSIVE;
				GCC_WARN_UNUSED_FUNCTION = YES;
				GCC_WARN_UNUSED_VARIABLE = YES;
				IPHONEOS_DEPLOYMENT_TARGET = 9.3;
				MTL_ENABLE_DEBUG_INFO = YES;
				ONLY_ACTIVE_ARCH = YES;
				SDKROOT = iphoneos;
				SWIFT_OPTIMIZATION_LEVEL = "-Onone";
			};
			name = Debug;
		};
		BA1C48C91D243704008F8A04 /* Release */ = {
			isa = XCBuildConfiguration;
			buildSettings = {
				ALWAYS_SEARCH_USER_PATHS = NO;
				CLANG_ANALYZER_NONNULL = YES;
				CLANG_CXX_LANGUAGE_STANDARD = "gnu++0x";
				CLANG_CXX_LIBRARY = "libc++";
				CLANG_ENABLE_MODULES = YES;
				CLANG_ENABLE_OBJC_ARC = YES;
				CLANG_WARN_BOOL_CONVERSION = YES;
				CLANG_WARN_CONSTANT_CONVERSION = YES;
				CLANG_WARN_DIRECT_OBJC_ISA_USAGE = YES_ERROR;
				CLANG_WARN_EMPTY_BODY = YES;
				CLANG_WARN_ENUM_CONVERSION = YES;
				CLANG_WARN_INT_CONVERSION = YES;
				CLANG_WARN_OBJC_ROOT_CLASS = YES_ERROR;
				CLANG_WARN_UNREACHABLE_CODE = YES;
				CLANG_WARN__DUPLICATE_METHOD_MATCH = YES;
				"CODE_SIGN_IDENTITY[sdk=iphoneos*]" = "iPhone Developer";
				COPY_PHASE_STRIP = NO;
				DEBUG_INFORMATION_FORMAT = "dwarf-with-dsym";
				ENABLE_NS_ASSERTIONS = NO;
				ENABLE_STRICT_OBJC_MSGSEND = YES;
				GCC_C_LANGUAGE_STANDARD = gnu99;
				GCC_NO_COMMON_BLOCKS = YES;
				GCC_WARN_64_TO_32_BIT_CONVERSION = YES;
				GCC_WARN_ABOUT_RETURN_TYPE = YES_ERROR;
				GCC_WARN_UNDECLARED_SELECTOR = YES;
				GCC_WARN_UNINITIALIZED_AUTOS = YES_AGGRESSIVE;
				GCC_WARN_UNUSED_FUNCTION = YES;
				GCC_WARN_UNUSED_VARIABLE = YES;
				IPHONEOS_DEPLOYMENT_TARGET = 9.3;
				MTL_ENABLE_DEBUG_INFO = NO;
				SDKROOT = iphoneos;
				VALIDATE_PRODUCT = YES;
			};
			name = Release;
		};
		BA1C48CB1D243704008F8A04 /* Debug */ = {
			isa = XCBuildConfiguration;
			baseConfigurationReference = 37C2C90EEEB2CE21BC7828B6 /* Pods-Pulse.debug.xcconfig */;
			buildSettings = {
				ASSETCATALOG_COMPILER_APPICON_NAME = AppIcon;
				INFOPLIST_FILE = Pulse/Info.plist;
				LD_RUNPATH_SEARCH_PATHS = "$(inherited) @executable_path/Frameworks";
				PRODUCT_BUNDLE_IDENTIFIER = "think-apart.Pulse";
				PRODUCT_NAME = "$(TARGET_NAME)";
			};
			name = Debug;
		};
		BA1C48CC1D243704008F8A04 /* Release */ = {
			isa = XCBuildConfiguration;
			baseConfigurationReference = C4B93ACED20027ACF593EDFD /* Pods-Pulse.release.xcconfig */;
			buildSettings = {
				ASSETCATALOG_COMPILER_APPICON_NAME = AppIcon;
				INFOPLIST_FILE = Pulse/Info.plist;
				LD_RUNPATH_SEARCH_PATHS = "$(inherited) @executable_path/Frameworks";
				PRODUCT_BUNDLE_IDENTIFIER = "think-apart.Pulse";
				PRODUCT_NAME = "$(TARGET_NAME)";
			};
			name = Release;
		};
/* End XCBuildConfiguration section */

/* Begin XCConfigurationList section */
		BA1C48B31D243703008F8A04 /* Build configuration list for PBXProject "Pulse" */ = {
			isa = XCConfigurationList;
			buildConfigurations = (
				BA1C48C81D243704008F8A04 /* Debug */,
				BA1C48C91D243704008F8A04 /* Release */,
			);
			defaultConfigurationIsVisible = 0;
			defaultConfigurationName = Release;
		};
		BA1C48CA1D243704008F8A04 /* Build configuration list for PBXNativeTarget "Pulse" */ = {
			isa = XCConfigurationList;
			buildConfigurations = (
				BA1C48CB1D243704008F8A04 /* Debug */,
				BA1C48CC1D243704008F8A04 /* Release */,
			);
			defaultConfigurationIsVisible = 0;
			defaultConfigurationName = Release;
		};
/* End XCConfigurationList section */
	};
	rootObject = BA1C48B01D243703008F8A04 /* Project object */;
}
